
Microsoft Visual Studio Solution File, Format Version 12.00
# Visual Studio Version 16
VisualStudioVersion = 16.0.30114.105
MinimumVisualStudioVersion = 10.0.40219.1
Project("{F2A71F9B-5D33-465A-A702-920D77279786}") = "runtime", "runtime\runtime.fsproj", "{C1099637-D251-44B1-B7C8-4E568AFAC686}"
EndProject
Project("{F2A71F9B-5D33-465A-A702-920D77279786}") = "helpers", "helpers\helpers.fsproj", "{B9685227-DE65-453F-9C7C-E1D876D5397B}"
EndProject
Global
	GlobalSection(SolutionConfigurationPlatforms) = preSolution
		Debug|Any CPU = Debug|Any CPU
		Debug|x64 = Debug|x64
		Debug|x86 = Debug|x86
		Release|Any CPU = Release|Any CPU
		Release|x64 = Release|x64
		Release|x86 = Release|x86
	EndGlobalSection
	GlobalSection(SolutionProperties) = preSolution
		HideSolutionNode = FALSE
	EndGlobalSection
	GlobalSection(ProjectConfigurationPlatforms) = postSolution
		{C1099637-D251-44B1-B7C8-4E568AFAC686}.Debug|Any CPU.ActiveCfg = Debug|Any CPU
		{C1099637-D251-44B1-B7C8-4E568AFAC686}.Debug|Any CPU.Build.0 = Debug|Any CPU
		{C1099637-D251-44B1-B7C8-4E568AFAC686}.Debug|x64.ActiveCfg = Debug|Any CPU
		{C1099637-D251-44B1-B7C8-4E568AFAC686}.Debug|x64.Build.0 = Debug|Any CPU
		{C1099637-D251-44B1-B7C8-4E568AFAC686}.Debug|x86.ActiveCfg = Debug|Any CPU
		{C1099637-D251-44B1-B7C8-4E568AFAC686}.Debug|x86.Build.0 = Debug|Any CPU
		{C1099637-D251-44B1-B7C8-4E568AFAC686}.Release|Any CPU.ActiveCfg = Release|Any CPU
		{C1099637-D251-44B1-B7C8-4E568AFAC686}.Release|Any CPU.Build.0 = Release|Any CPU
		{C1099637-D251-44B1-B7C8-4E568AFAC686}.Release|x64.ActiveCfg = Release|Any CPU
		{C1099637-D251-44B1-B7C8-4E568AFAC686}.Release|x64.Build.0 = Release|Any CPU
		{C1099637-D251-44B1-B7C8-4E568AFAC686}.Release|x86.ActiveCfg = Release|Any CPU
		{C1099637-D251-44B1-B7C8-4E568AFAC686}.Release|x86.Build.0 = Release|Any CPU
		{B9685227-DE65-453F-9C7C-E1D876D5397B}.Debug|Any CPU.ActiveCfg = Debug|Any CPU
		{B9685227-DE65-453F-9C7C-E1D876D5397B}.Debug|Any CPU.Build.0 = Debug|Any CPU
		{B9685227-DE65-453F-9C7C-E1D876D5397B}.Debug|x64.ActiveCfg = Debug|Any CPU
		{B9685227-DE65-453F-9C7C-E1D876D5397B}.Debug|x64.Build.0 = Debug|Any CPU
		{B9685227-DE65-453F-9C7C-E1D876D5397B}.Debug|x86.ActiveCfg = Debug|Any CPU
		{B9685227-DE65-453F-9C7C-E1D876D5397B}.Debug|x86.Build.0 = Debug|Any CPU
		{B9685227-DE65-453F-9C7C-E1D876D5397B}.Release|Any CPU.ActiveCfg = Release|Any CPU
		{B9685227-DE65-453F-9C7C-E1D876D5397B}.Release|Any CPU.Build.0 = Release|Any CPU
		{B9685227-DE65-453F-9C7C-E1D876D5397B}.Release|x64.ActiveCfg = Release|Any CPU
		{B9685227-DE65-453F-9C7C-E1D876D5397B}.Release|x64.Build.0 = Release|Any CPU
		{B9685227-DE65-453F-9C7C-E1D876D5397B}.Release|x86.ActiveCfg = Release|Any CPU
		{B9685227-DE65-453F-9C7C-E1D876D5397B}.Release|x86.Build.0 = Release|Any CPU
	EndGlobalSection
EndGlobal
