PODS:
  - Alamofire (5.4.3)
  - KeychainSwift (19.0.0)

DEPENDENCIES:
  - Alamofire (~> 5.4)
  - KeychainSwift

SPEC REPOS:
  trunk:
    - Alamofire
    - KeychainSwift

SPEC CHECKSUMS:
  Alamofire: e447a2774a40c996748296fa2c55112fdbbc42f9
  KeychainSwift: a06190cf933ad46b1e0abc3d77d29c06331715c7

PODFILE CHECKSUM: 4af046161a9af1c71c65209cf48ff278e9ab930b

COCOAPODS: 1.10.1
